
Microsoft Visual Studio Solution File, Format Version 12.00
# Visual Studio Version 17
VisualStudioVersion = 17.5.33103.201
MinimumVisualStudioVersion = 10.0.40219.1
Project("{2150E333-8FDC-42A3-9474-1A3956D46DE8}") = "Solution Items", "Solution Items", "{42C19924-0B8A-47D6-A2B6-EDEC68AB73DB}"
	ProjectSection(SolutionItems) = preProject
		.editorconfig = .editorconfig
		.gitignore = .gitignore
		.globalconfig = .globalconfig
		azure-pipelines.yml = azure-pipelines.yml
		Directory.Build.props = Directory.Build.props
		global.json = global.json
		localbuild.ps1 = localbuild.ps1
		preflght.svg = preflght.svg
		preflight.png = preflight.png
		README.md = README.md
		umbraco-marketplace.json = umbraco-marketplace.json
		version.json = version.json
	EndProjectSection
EndProject
Project("{9A19103F-16F7-4668-BE54-9A1E7A4F7556}") = "Preflight", "src\Preflight\Preflight.csproj", "{A7D0A724-C91F-48C2-86CF-B99BCF251F90}"
EndProject
Project("{9A19103F-16F7-4668-BE54-9A1E7A4F7556}") = "Preflight.Site", "Preflight.Site\Preflight.Site.csproj", "{95F2C7A1-B17E-4997-9048-E5E3BD79B949}"
EndProject
Global
	GlobalSection(SolutionConfigurationPlatforms) = preSolution
		Debug|Any CPU = Debug|Any CPU
		Release|Any CPU = Release|Any CPU
	EndGlobalSection
	GlobalSection(ProjectConfigurationPlatforms) = postSolution
		{A7D0A724-C91F-48C2-86CF-B99BCF251F90}.Debug|Any CPU.ActiveCfg = Debug|Any CPU
		{A7D0A724-C91F-48C2-86CF-B99BCF251F90}.Debug|Any CPU.Build.0 = Debug|Any CPU
		{A7D0A724-C91F-48C2-86CF-B99BCF251F90}.Release|Any CPU.ActiveCfg = Release|Any CPU
		{A7D0A724-C91F-48C2-86CF-B99BCF251F90}.Release|Any CPU.Build.0 = Release|Any CPU
		{95F2C7A1-B17E-4997-9048-E5E3BD79B949}.Debug|Any CPU.ActiveCfg = Debug|Any CPU
		{95F2C7A1-B17E-4997-9048-E5E3BD79B949}.Debug|Any CPU.Build.0 = Debug|Any CPU
		{95F2C7A1-B17E-4997-9048-E5E3BD79B949}.Release|Any CPU.ActiveCfg = Release|Any CPU
		{95F2C7A1-B17E-4997-9048-E5E3BD79B949}.Release|Any CPU.Build.0 = Release|Any CPU
	EndGlobalSection
	GlobalSection(SolutionProperties) = preSolution
		HideSolutionNode = FALSE
	EndGlobalSection
	GlobalSection(ExtensibilityGlobals) = postSolution
		SolutionGuid = {7004DD45-1C77-4B20-B47D-D64B36451866}
	EndGlobalSection
EndGlobal
